
Microsoft Visual Studio Solution File, Format Version 12.00
Project("{FAE04EC0-301F-11D3-BF4B-00C04F79EFBC}") = "CSharpCourse", "CSharpCourse.csproj", "{E5E7F28C-3505-444D-82D5-B367E2FBD572}"
EndProject
Project("{FAE04EC0-301F-11D3-BF4B-00C04F79EFBC}") = "QuizApp", "QuizApp\QuizApp.csproj", "{1CDCDB59-0550-4F3E-B59B-DBFECA4BEA40}"
EndProject
Project("{FAE04EC0-301F-11D3-BF4B-00C04F79EFBC}") = "AdditionApp", "AdditionApp\AdditionApp.csproj", "{056913AF-AFF1-4067-AC54-DF6A87FE8160}"
EndProject
Project("{FAE04EC0-301F-11D3-BF4B-00C04F79EFBC}") = "GuessTheNumber", "GuessTheNumber\GuessTheNumber.csproj", "{B3426861-C227-48FC-BE97-54CA8C3E54FF}"
EndProject
Project("{FAE04EC0-301F-11D3-BF4B-00C04F79EFBC}") = "Calc2", "Calc2\Calc2.csproj", "{6CDEA771-938A-42B5-B3C3-60C6EB01956D}"
EndProject
Project("{FAE04EC0-301F-11D3-BF4B-00C04F79EFBC}") = "CountDown", "CountDown\CountDown.csproj", "{E1227181-AEEC-4360-97EF-993B17CA5549}"
EndProject
Project("{FAE04EC0-301F-11D3-BF4B-00C04F79EFBC}") = "ConsoleRocketLand", "ConsoleRocketLand\ConsoleRocketLand.csproj", "{AAF3176A-419B-4CEB-8C23-76496041C7CC}"
EndProject
Project("{FAE04EC0-301F-11D3-BF4B-00C04F79EFBC}") = "ArrayPractice1", "ArrayPractice1\ArrayPractice1.csproj", "{FC46DA0F-0520-4D61-B9AD-9FF588B185AD}"
EndProject
Project("{FAE04EC0-301F-11D3-BF4B-00C04F79EFBC}") = "ArrayPractice2", "ArrayPractice2\ArrayPractice2.csproj", "{E3F016E6-A6FC-49B5-914E-8EDD321A4D0A}"
EndProject
Project("{FAE04EC0-301F-11D3-BF4B-00C04F79EFBC}") = "TempAvgChallenge", "TempAvgChallenge\TempAvgChallenge.csproj", "{DC39E3E7-CFF3-4413-9870-7C9B1B554F83}"
EndProject
Project("{FAE04EC0-301F-11D3-BF4B-00C04F79EFBC}") = "ClassesApp1", "ClassesApp1\ClassesApp1.csproj", "{EB9ABA14-EB56-4407-8DF4-33EA3D759CA2}"
EndProject
Project("{FAE04EC0-301F-11D3-BF4B-00C04F79EFBC}") = "StaticMethodsExercise", "StaticMethodsExercise\StaticMethodsExercise.csproj", "{DB2F8196-5726-46A7-B6EB-7E594A52289F}"
EndProject
Project("{FAE04EC0-301F-11D3-BF4B-00C04F79EFBC}") = "ReadonlyExercise", "ReadonlyExercise\ReadonlyExercise.csproj", "{CBFE13EB-B3B7-44DF-8742-59C7D9BD06D1}"
EndProject
Project("{FAE04EC0-301F-11D3-BF4B-00C04F79EFBC}") = "QuizApp2", "QuizApp2\QuizApp2.csproj", "{EA9DC484-0A80-4A55-A397-A8993EC01C64}"
EndProject
Project("{FAE04EC0-301F-11D3-BF4B-00C04F79EFBC}") = "ClassesMethodsChallenge", "ClassesMethodsChallenge\ClassesMethodsChallenge.csproj", "{2C76D07F-ECB5-478B-8238-3AD4B9E15571}"
EndProject
Project("{FAE04EC0-301F-11D3-BF4B-00C04F79EFBC}") = "Lists1", "Lists1\Lists1.csproj", "{A4BADD83-982A-4A22-945C-AFC0BA5CE029}"
EndProject
Project("{FAE04EC0-301F-11D3-BF4B-00C04F79EFBC}") = "Lists2", "Lists2\Lists2.csproj", "{BD2B5DFC-BE32-4982-83D5-E12C5D54794A}"
EndProject
Project("{FAE04EC0-301F-11D3-BF4B-00C04F79EFBC}") = "Lists3", "Lists3\Lists3.csproj", "{BC9127D5-6DF1-43F5-B228-718D3B0A4513}"
EndProject
Project("{FAE04EC0-301F-11D3-BF4B-00C04F79EFBC}") = "Dictionaries1", "Dictionaries1\Dictionaries1.csproj", "{49FDFD7C-7BFC-44AE-A3A6-2A647D82B868}"
EndProject
Project("{FAE04EC0-301F-11D3-BF4B-00C04F79EFBC}") = "Dictionaries2", "Dictionaries2\Dictionaries2.csproj", "{007FD968-E84F-4DE8-ADC8-B1834BEF8B25}"
EndProject
Project("{FAE04EC0-301F-11D3-BF4B-00C04F79EFBC}") = "DictionariesChallenge", "DictionariesChallenge\DictionariesChallenge.csproj", "{CC647790-5E70-4C71-A81A-7EAA32DBB6E0}"
EndProject
Project("{FAE04EC0-301F-11D3-BF4B-00C04F79EFBC}") = "ErrorHandlingChallenge", "ErrorHandlingChallenge\ErrorHandlingChallenge.csproj", "{A3A5D509-FD32-42FF-B093-CBD919141650}"
EndProject
Project("{FAE04EC0-301F-11D3-BF4B-00C04F79EFBC}") = "Inheritance1", "Inheritance1\Inheritance1.csproj", "{81085B79-3893-4E3F-BE86-6379189BA857}"
EndProject
Project("{FAE04EC0-301F-11D3-BF4B-00C04F79EFBC}") = "Inheritance2", "Inheritance2\Inheritance2.csproj", "{AF4F5D45-80E8-498A-BB6B-BB63A8EC7E32}"
EndProject
Project("{FAE04EC0-301F-11D3-BF4B-00C04F79EFBC}") = "InheritanceChallenge", "InheritanceChallenge\InheritanceChallenge.csproj", "{042C1DF8-0F7D-4521-844E-BCA4531A1626}"
EndProject
Project("{FAE04EC0-301F-11D3-BF4B-00C04F79EFBC}") = "Interface1", "Interface1\Interface1.csproj", "{487B4F75-A8FC-4B48-A514-2ECE6C646447}"
EndProject
Project("{FAE04EC0-301F-11D3-BF4B-00C04F79EFBC}") = "InterfacesAndPolymorphism1", "InterfacesAndPolymorphism1\InterfacesAndPolymorphism1.csproj", "{43A090E9-4837-4F96-82A0-B10393DD9261}"
EndProject
Project("{FAE04EC0-301F-11D3-BF4B-00C04F79EFBC}") = "InterfacesAndPolymorphism2", "InterfacesAndPolymorphism2\InterfacesAndPolymorphism2.csproj", "{263FB2D9-E11A-462A-B0AB-05B8733639EA}"
EndProject
Project("{FAE04EC0-301F-11D3-BF4B-00C04F79EFBC}") = "InterfacesAndPolymorphism3", "InterfacesAndPolymorphism3\InterfacesAndPolymorphism3.csproj", "{A71B6186-8D97-4948-8741-E0365C2C3921}"
EndProject
Project("{FAE04EC0-301F-11D3-BF4B-00C04F79EFBC}") = "InterfacesAndPolymorphism4", "InterfacesAndPolymorphism4\InterfacesAndPolymorphism4.csproj", "{2965214B-8FD5-4D83-9082-9CEEB3C5BCE1}"
EndProject
Global
	GlobalSection(SolutionConfigurationPlatforms) = preSolution
		Debug|Any CPU = Debug|Any CPU
		Release|Any CPU = Release|Any CPU
	EndGlobalSection
	GlobalSection(ProjectConfigurationPlatforms) = postSolution
		{E5E7F28C-3505-444D-82D5-B367E2FBD572}.Debug|Any CPU.ActiveCfg = Debug|Any CPU
		{E5E7F28C-3505-444D-82D5-B367E2FBD572}.Debug|Any CPU.Build.0 = Debug|Any CPU
		{E5E7F28C-3505-444D-82D5-B367E2FBD572}.Release|Any CPU.ActiveCfg = Release|Any CPU
		{E5E7F28C-3505-444D-82D5-B367E2FBD572}.Release|Any CPU.Build.0 = Release|Any CPU
		{1CDCDB59-0550-4F3E-B59B-DBFECA4BEA40}.Debug|Any CPU.ActiveCfg = Debug|Any CPU
		{1CDCDB59-0550-4F3E-B59B-DBFECA4BEA40}.Debug|Any CPU.Build.0 = Debug|Any CPU
		{1CDCDB59-0550-4F3E-B59B-DBFECA4BEA40}.Release|Any CPU.ActiveCfg = Release|Any CPU
		{1CDCDB59-0550-4F3E-B59B-DBFECA4BEA40}.Release|Any CPU.Build.0 = Release|Any CPU
		{056913AF-AFF1-4067-AC54-DF6A87FE8160}.Debug|Any CPU.ActiveCfg = Debug|Any CPU
		{056913AF-AFF1-4067-AC54-DF6A87FE8160}.Debug|Any CPU.Build.0 = Debug|Any CPU
		{056913AF-AFF1-4067-AC54-DF6A87FE8160}.Release|Any CPU.ActiveCfg = Release|Any CPU
		{056913AF-AFF1-4067-AC54-DF6A87FE8160}.Release|Any CPU.Build.0 = Release|Any CPU
		{B3426861-C227-48FC-BE97-54CA8C3E54FF}.Debug|Any CPU.ActiveCfg = Debug|Any CPU
		{B3426861-C227-48FC-BE97-54CA8C3E54FF}.Debug|Any CPU.Build.0 = Debug|Any CPU
		{B3426861-C227-48FC-BE97-54CA8C3E54FF}.Release|Any CPU.ActiveCfg = Release|Any CPU
		{B3426861-C227-48FC-BE97-54CA8C3E54FF}.Release|Any CPU.Build.0 = Release|Any CPU
		{6CDEA771-938A-42B5-B3C3-60C6EB01956D}.Debug|Any CPU.ActiveCfg = Debug|Any CPU
		{6CDEA771-938A-42B5-B3C3-60C6EB01956D}.Debug|Any CPU.Build.0 = Debug|Any CPU
		{6CDEA771-938A-42B5-B3C3-60C6EB01956D}.Release|Any CPU.ActiveCfg = Release|Any CPU
		{6CDEA771-938A-42B5-B3C3-60C6EB01956D}.Release|Any CPU.Build.0 = Release|Any CPU
		{E1227181-AEEC-4360-97EF-993B17CA5549}.Debug|Any CPU.ActiveCfg = Debug|Any CPU
		{E1227181-AEEC-4360-97EF-993B17CA5549}.Debug|Any CPU.Build.0 = Debug|Any CPU
		{E1227181-AEEC-4360-97EF-993B17CA5549}.Release|Any CPU.ActiveCfg = Release|Any CPU
		{E1227181-AEEC-4360-97EF-993B17CA5549}.Release|Any CPU.Build.0 = Release|Any CPU
		{AAF3176A-419B-4CEB-8C23-76496041C7CC}.Debug|Any CPU.ActiveCfg = Debug|Any CPU
		{AAF3176A-419B-4CEB-8C23-76496041C7CC}.Debug|Any CPU.Build.0 = Debug|Any CPU
		{AAF3176A-419B-4CEB-8C23-76496041C7CC}.Release|Any CPU.ActiveCfg = Release|Any CPU
		{AAF3176A-419B-4CEB-8C23-76496041C7CC}.Release|Any CPU.Build.0 = Release|Any CPU
		{FC46DA0F-0520-4D61-B9AD-9FF588B185AD}.Debug|Any CPU.ActiveCfg = Debug|Any CPU
		{FC46DA0F-0520-4D61-B9AD-9FF588B185AD}.Debug|Any CPU.Build.0 = Debug|Any CPU
		{FC46DA0F-0520-4D61-B9AD-9FF588B185AD}.Release|Any CPU.ActiveCfg = Release|Any CPU
		{FC46DA0F-0520-4D61-B9AD-9FF588B185AD}.Release|Any CPU.Build.0 = Release|Any CPU
		{E3F016E6-A6FC-49B5-914E-8EDD321A4D0A}.Debug|Any CPU.ActiveCfg = Debug|Any CPU
		{E3F016E6-A6FC-49B5-914E-8EDD321A4D0A}.Debug|Any CPU.Build.0 = Debug|Any CPU
		{E3F016E6-A6FC-49B5-914E-8EDD321A4D0A}.Release|Any CPU.ActiveCfg = Release|Any CPU
		{E3F016E6-A6FC-49B5-914E-8EDD321A4D0A}.Release|Any CPU.Build.0 = Release|Any CPU
		{DC39E3E7-CFF3-4413-9870-7C9B1B554F83}.Debug|Any CPU.ActiveCfg = Debug|Any CPU
		{DC39E3E7-CFF3-4413-9870-7C9B1B554F83}.Debug|Any CPU.Build.0 = Debug|Any CPU
		{DC39E3E7-CFF3-4413-9870-7C9B1B554F83}.Release|Any CPU.ActiveCfg = Release|Any CPU
		{DC39E3E7-CFF3-4413-9870-7C9B1B554F83}.Release|Any CPU.Build.0 = Release|Any CPU
		{EB9ABA14-EB56-4407-8DF4-33EA3D759CA2}.Debug|Any CPU.ActiveCfg = Debug|Any CPU
		{EB9ABA14-EB56-4407-8DF4-33EA3D759CA2}.Debug|Any CPU.Build.0 = Debug|Any CPU
		{EB9ABA14-EB56-4407-8DF4-33EA3D759CA2}.Release|Any CPU.ActiveCfg = Release|Any CPU
		{EB9ABA14-EB56-4407-8DF4-33EA3D759CA2}.Release|Any CPU.Build.0 = Release|Any CPU
		{DB2F8196-5726-46A7-B6EB-7E594A52289F}.Debug|Any CPU.ActiveCfg = Debug|Any CPU
		{DB2F8196-5726-46A7-B6EB-7E594A52289F}.Debug|Any CPU.Build.0 = Debug|Any CPU
		{DB2F8196-5726-46A7-B6EB-7E594A52289F}.Release|Any CPU.ActiveCfg = Release|Any CPU
		{DB2F8196-5726-46A7-B6EB-7E594A52289F}.Release|Any CPU.Build.0 = Release|Any CPU
		{CBFE13EB-B3B7-44DF-8742-59C7D9BD06D1}.Debug|Any CPU.ActiveCfg = Debug|Any CPU
		{CBFE13EB-B3B7-44DF-8742-59C7D9BD06D1}.Debug|Any CPU.Build.0 = Debug|Any CPU
		{CBFE13EB-B3B7-44DF-8742-59C7D9BD06D1}.Release|Any CPU.ActiveCfg = Release|Any CPU
		{CBFE13EB-B3B7-44DF-8742-59C7D9BD06D1}.Release|Any CPU.Build.0 = Release|Any CPU
		{EA9DC484-0A80-4A55-A397-A8993EC01C64}.Debug|Any CPU.ActiveCfg = Debug|Any CPU
		{EA9DC484-0A80-4A55-A397-A8993EC01C64}.Debug|Any CPU.Build.0 = Debug|Any CPU
		{EA9DC484-0A80-4A55-A397-A8993EC01C64}.Release|Any CPU.ActiveCfg = Release|Any CPU
		{EA9DC484-0A80-4A55-A397-A8993EC01C64}.Release|Any CPU.Build.0 = Release|Any CPU
		{2C76D07F-ECB5-478B-8238-3AD4B9E15571}.Debug|Any CPU.ActiveCfg = Debug|Any CPU
		{2C76D07F-ECB5-478B-8238-3AD4B9E15571}.Debug|Any CPU.Build.0 = Debug|Any CPU
		{2C76D07F-ECB5-478B-8238-3AD4B9E15571}.Release|Any CPU.ActiveCfg = Release|Any CPU
		{2C76D07F-ECB5-478B-8238-3AD4B9E15571}.Release|Any CPU.Build.0 = Release|Any CPU
		{A4BADD83-982A-4A22-945C-AFC0BA5CE029}.Debug|Any CPU.ActiveCfg = Debug|Any CPU
		{A4BADD83-982A-4A22-945C-AFC0BA5CE029}.Debug|Any CPU.Build.0 = Debug|Any CPU
		{A4BADD83-982A-4A22-945C-AFC0BA5CE029}.Release|Any CPU.ActiveCfg = Release|Any CPU
		{A4BADD83-982A-4A22-945C-AFC0BA5CE029}.Release|Any CPU.Build.0 = Release|Any CPU
		{BD2B5DFC-BE32-4982-83D5-E12C5D54794A}.Debug|Any CPU.ActiveCfg = Debug|Any CPU
		{BD2B5DFC-BE32-4982-83D5-E12C5D54794A}.Debug|Any CPU.Build.0 = Debug|Any CPU
		{BD2B5DFC-BE32-4982-83D5-E12C5D54794A}.Release|Any CPU.ActiveCfg = Release|Any CPU
		{BD2B5DFC-BE32-4982-83D5-E12C5D54794A}.Release|Any CPU.Build.0 = Release|Any CPU
		{BC9127D5-6DF1-43F5-B228-718D3B0A4513}.Debug|Any CPU.ActiveCfg = Debug|Any CPU
		{BC9127D5-6DF1-43F5-B228-718D3B0A4513}.Debug|Any CPU.Build.0 = Debug|Any CPU
		{BC9127D5-6DF1-43F5-B228-718D3B0A4513}.Release|Any CPU.ActiveCfg = Release|Any CPU
		{BC9127D5-6DF1-43F5-B228-718D3B0A4513}.Release|Any CPU.Build.0 = Release|Any CPU
		{49FDFD7C-7BFC-44AE-A3A6-2A647D82B868}.Debug|Any CPU.ActiveCfg = Debug|Any CPU
		{49FDFD7C-7BFC-44AE-A3A6-2A647D82B868}.Debug|Any CPU.Build.0 = Debug|Any CPU
		{49FDFD7C-7BFC-44AE-A3A6-2A647D82B868}.Release|Any CPU.ActiveCfg = Release|Any CPU
		{49FDFD7C-7BFC-44AE-A3A6-2A647D82B868}.Release|Any CPU.Build.0 = Release|Any CPU
		{007FD968-E84F-4DE8-ADC8-B1834BEF8B25}.Debug|Any CPU.ActiveCfg = Debug|Any CPU
		{007FD968-E84F-4DE8-ADC8-B1834BEF8B25}.Debug|Any CPU.Build.0 = Debug|Any CPU
		{007FD968-E84F-4DE8-ADC8-B1834BEF8B25}.Release|Any CPU.ActiveCfg = Release|Any CPU
		{007FD968-E84F-4DE8-ADC8-B1834BEF8B25}.Release|Any CPU.Build.0 = Release|Any CPU
		{CC647790-5E70-4C71-A81A-7EAA32DBB6E0}.Debug|Any CPU.ActiveCfg = Debug|Any CPU
		{CC647790-5E70-4C71-A81A-7EAA32DBB6E0}.Debug|Any CPU.Build.0 = Debug|Any CPU
		{CC647790-5E70-4C71-A81A-7EAA32DBB6E0}.Release|Any CPU.ActiveCfg = Release|Any CPU
		{CC647790-5E70-4C71-A81A-7EAA32DBB6E0}.Release|Any CPU.Build.0 = Release|Any CPU
		{A3A5D509-FD32-42FF-B093-CBD919141650}.Debug|Any CPU.ActiveCfg = Debug|Any CPU
		{A3A5D509-FD32-42FF-B093-CBD919141650}.Debug|Any CPU.Build.0 = Debug|Any CPU
		{A3A5D509-FD32-42FF-B093-CBD919141650}.Release|Any CPU.ActiveCfg = Release|Any CPU
		{A3A5D509-FD32-42FF-B093-CBD919141650}.Release|Any CPU.Build.0 = Release|Any CPU
		{81085B79-3893-4E3F-BE86-6379189BA857}.Debug|Any CPU.ActiveCfg = Debug|Any CPU
		{81085B79-3893-4E3F-BE86-6379189BA857}.Debug|Any CPU.Build.0 = Debug|Any CPU
		{81085B79-3893-4E3F-BE86-6379189BA857}.Release|Any CPU.ActiveCfg = Release|Any CPU
		{81085B79-3893-4E3F-BE86-6379189BA857}.Release|Any CPU.Build.0 = Release|Any CPU
		{AF4F5D45-80E8-498A-BB6B-BB63A8EC7E32}.Debug|Any CPU.ActiveCfg = Debug|Any CPU
		{AF4F5D45-80E8-498A-BB6B-BB63A8EC7E32}.Debug|Any CPU.Build.0 = Debug|Any CPU
		{AF4F5D45-80E8-498A-BB6B-BB63A8EC7E32}.Release|Any CPU.ActiveCfg = Release|Any CPU
		{AF4F5D45-80E8-498A-BB6B-BB63A8EC7E32}.Release|Any CPU.Build.0 = Release|Any CPU
		{042C1DF8-0F7D-4521-844E-BCA4531A1626}.Debug|Any CPU.ActiveCfg = Debug|Any CPU
		{042C1DF8-0F7D-4521-844E-BCA4531A1626}.Debug|Any CPU.Build.0 = Debug|Any CPU
		{042C1DF8-0F7D-4521-844E-BCA4531A1626}.Release|Any CPU.ActiveCfg = Release|Any CPU
		{042C1DF8-0F7D-4521-844E-BCA4531A1626}.Release|Any CPU.Build.0 = Release|Any CPU
		{487B4F75-A8FC-4B48-A514-2ECE6C646447}.Debug|Any CPU.ActiveCfg = Debug|Any CPU
		{487B4F75-A8FC-4B48-A514-2ECE6C646447}.Debug|Any CPU.Build.0 = Debug|Any CPU
		{487B4F75-A8FC-4B48-A514-2ECE6C646447}.Release|Any CPU.ActiveCfg = Release|Any CPU
		{487B4F75-A8FC-4B48-A514-2ECE6C646447}.Release|Any CPU.Build.0 = Release|Any CPU
		{43A090E9-4837-4F96-82A0-B10393DD9261}.Debug|Any CPU.ActiveCfg = Debug|Any CPU
		{43A090E9-4837-4F96-82A0-B10393DD9261}.Debug|Any CPU.Build.0 = Debug|Any CPU
		{43A090E9-4837-4F96-82A0-B10393DD9261}.Release|Any CPU.ActiveCfg = Release|Any CPU
		{43A090E9-4837-4F96-82A0-B10393DD9261}.Release|Any CPU.Build.0 = Release|Any CPU
		{263FB2D9-E11A-462A-B0AB-05B8733639EA}.Debug|Any CPU.ActiveCfg = Debug|Any CPU
		{263FB2D9-E11A-462A-B0AB-05B8733639EA}.Debug|Any CPU.Build.0 = Debug|Any CPU
		{263FB2D9-E11A-462A-B0AB-05B8733639EA}.Release|Any CPU.ActiveCfg = Release|Any CPU
		{263FB2D9-E11A-462A-B0AB-05B8733639EA}.Release|Any CPU.Build.0 = Release|Any CPU
		{A71B6186-8D97-4948-8741-E0365C2C3921}.Debug|Any CPU.ActiveCfg = Debug|Any CPU
		{A71B6186-8D97-4948-8741-E0365C2C3921}.Debug|Any CPU.Build.0 = Debug|Any CPU
		{A71B6186-8D97-4948-8741-E0365C2C3921}.Release|Any CPU.ActiveCfg = Release|Any CPU
		{A71B6186-8D97-4948-8741-E0365C2C3921}.Release|Any CPU.Build.0 = Release|Any CPU
		{2965214B-8FD5-4D83-9082-9CEEB3C5BCE1}.Debug|Any CPU.ActiveCfg = Debug|Any CPU
		{2965214B-8FD5-4D83-9082-9CEEB3C5BCE1}.Debug|Any CPU.Build.0 = Debug|Any CPU
		{2965214B-8FD5-4D83-9082-9CEEB3C5BCE1}.Release|Any CPU.ActiveCfg = Release|Any CPU
		{2965214B-8FD5-4D83-9082-9CEEB3C5BCE1}.Release|Any CPU.Build.0 = Release|Any CPU
	EndGlobalSection
EndGlobal
