
Microsoft Visual Studio Solution File, Format Version 12.00
Project("{FAE04EC0-301F-11D3-BF4B-00C04F79EFBC}") = "CSharpCourse", "CSharpCourse.csproj", "{E5E7F28C-3505-444D-82D5-B367E2FBD572}"
EndProject
Project("{FAE04EC0-301F-11D3-BF4B-00C04F79EFBC}") = "QuizApp", "QuizApp\QuizApp.csproj", "{1CDCDB59-0550-4F3E-B59B-DBFECA4BEA40}"
EndProject
Project("{FAE04EC0-301F-11D3-BF4B-00C04F79EFBC}") = "AdditionApp", "AdditionApp\AdditionApp.csproj", "{056913AF-AFF1-4067-AC54-DF6A87FE8160}"
EndProject
Project("{FAE04EC0-301F-11D3-BF4B-00C04F79EFBC}") = "GuessTheNumber", "GuessTheNumber\GuessTheNumber.csproj", "{B3426861-C227-48FC-BE97-54CA8C3E54FF}"
EndProject
Project("{FAE04EC0-301F-11D3-BF4B-00C04F79EFBC}") = "Calc2", "Calc2\Calc2.csproj", "{6CDEA771-938A-42B5-B3C3-60C6EB01956D}"
EndProject
Project("{FAE04EC0-301F-11D3-BF4B-00C04F79EFBC}") = "CountDown", "CountDown\CountDown.csproj", "{E1227181-AEEC-4360-97EF-993B17CA5549}"
EndProject
Project("{FAE04EC0-301F-11D3-BF4B-00C04F79EFBC}") = "ConsoleRocketLand", "ConsoleRocketLand\ConsoleRocketLand.csproj", "{AAF3176A-419B-4CEB-8C23-76496041C7CC}"
EndProject
Project("{FAE04EC0-301F-11D3-BF4B-00C04F79EFBC}") = "ArrayPractice1", "ArrayPractice1\ArrayPractice1.csproj", "{FC46DA0F-0520-4D61-B9AD-9FF588B185AD}"
EndProject
Global
	GlobalSection(SolutionConfigurationPlatforms) = preSolution
		Debug|Any CPU = Debug|Any CPU
		Release|Any CPU = Release|Any CPU
	EndGlobalSection
	GlobalSection(ProjectConfigurationPlatforms) = postSolution
		{E5E7F28C-3505-444D-82D5-B367E2FBD572}.Debug|Any CPU.ActiveCfg = Debug|Any CPU
		{E5E7F28C-3505-444D-82D5-B367E2FBD572}.Debug|Any CPU.Build.0 = Debug|Any CPU
		{E5E7F28C-3505-444D-82D5-B367E2FBD572}.Release|Any CPU.ActiveCfg = Release|Any CPU
		{E5E7F28C-3505-444D-82D5-B367E2FBD572}.Release|Any CPU.Build.0 = Release|Any CPU
		{1CDCDB59-0550-4F3E-B59B-DBFECA4BEA40}.Debug|Any CPU.ActiveCfg = Debug|Any CPU
		{1CDCDB59-0550-4F3E-B59B-DBFECA4BEA40}.Debug|Any CPU.Build.0 = Debug|Any CPU
		{1CDCDB59-0550-4F3E-B59B-DBFECA4BEA40}.Release|Any CPU.ActiveCfg = Release|Any CPU
		{1CDCDB59-0550-4F3E-B59B-DBFECA4BEA40}.Release|Any CPU.Build.0 = Release|Any CPU
		{056913AF-AFF1-4067-AC54-DF6A87FE8160}.Debug|Any CPU.ActiveCfg = Debug|Any CPU
		{056913AF-AFF1-4067-AC54-DF6A87FE8160}.Debug|Any CPU.Build.0 = Debug|Any CPU
		{056913AF-AFF1-4067-AC54-DF6A87FE8160}.Release|Any CPU.ActiveCfg = Release|Any CPU
		{056913AF-AFF1-4067-AC54-DF6A87FE8160}.Release|Any CPU.Build.0 = Release|Any CPU
		{B3426861-C227-48FC-BE97-54CA8C3E54FF}.Debug|Any CPU.ActiveCfg = Debug|Any CPU
		{B3426861-C227-48FC-BE97-54CA8C3E54FF}.Debug|Any CPU.Build.0 = Debug|Any CPU
		{B3426861-C227-48FC-BE97-54CA8C3E54FF}.Release|Any CPU.ActiveCfg = Release|Any CPU
		{B3426861-C227-48FC-BE97-54CA8C3E54FF}.Release|Any CPU.Build.0 = Release|Any CPU
		{6CDEA771-938A-42B5-B3C3-60C6EB01956D}.Debug|Any CPU.ActiveCfg = Debug|Any CPU
		{6CDEA771-938A-42B5-B3C3-60C6EB01956D}.Debug|Any CPU.Build.0 = Debug|Any CPU
		{6CDEA771-938A-42B5-B3C3-60C6EB01956D}.Release|Any CPU.ActiveCfg = Release|Any CPU
		{6CDEA771-938A-42B5-B3C3-60C6EB01956D}.Release|Any CPU.Build.0 = Release|Any CPU
		{E1227181-AEEC-4360-97EF-993B17CA5549}.Debug|Any CPU.ActiveCfg = Debug|Any CPU
		{E1227181-AEEC-4360-97EF-993B17CA5549}.Debug|Any CPU.Build.0 = Debug|Any CPU
		{E1227181-AEEC-4360-97EF-993B17CA5549}.Release|Any CPU.ActiveCfg = Release|Any CPU
		{E1227181-AEEC-4360-97EF-993B17CA5549}.Release|Any CPU.Build.0 = Release|Any CPU
		{AAF3176A-419B-4CEB-8C23-76496041C7CC}.Debug|Any CPU.ActiveCfg = Debug|Any CPU
		{AAF3176A-419B-4CEB-8C23-76496041C7CC}.Debug|Any CPU.Build.0 = Debug|Any CPU
		{AAF3176A-419B-4CEB-8C23-76496041C7CC}.Release|Any CPU.ActiveCfg = Release|Any CPU
		{AAF3176A-419B-4CEB-8C23-76496041C7CC}.Release|Any CPU.Build.0 = Release|Any CPU
		{FC46DA0F-0520-4D61-B9AD-9FF588B185AD}.Debug|Any CPU.ActiveCfg = Debug|Any CPU
		{FC46DA0F-0520-4D61-B9AD-9FF588B185AD}.Debug|Any CPU.Build.0 = Debug|Any CPU
		{FC46DA0F-0520-4D61-B9AD-9FF588B185AD}.Release|Any CPU.ActiveCfg = Release|Any CPU
		{FC46DA0F-0520-4D61-B9AD-9FF588B185AD}.Release|Any CPU.Build.0 = Release|Any CPU
	EndGlobalSection
EndGlobal
